
Microsoft Visual Studio Solution File, Format Version 12.00
# Visual Studio Version 17
VisualStudioVersion = 17.3.32811.315
MinimumVisualStudioVersion = 10.0.40219.1
Project("{9A19103F-16F7-4668-BE54-9A1E7A4F7556}") = "task_1", "task_1\task_1.csproj", "{7540594A-932C-4492-9C4D-C38B6FC37220}"
EndProject
Project("{9A19103F-16F7-4668-BE54-9A1E7A4F7556}") = "task_2", "task_2\task_2.csproj", "{A8986E51-FE4A-4BFF-84A5-6A8F869F6F90}"
EndProject
Project("{9A19103F-16F7-4668-BE54-9A1E7A4F7556}") = "task_3", "task_3\task_3.csproj", "{33349376-1E1C-4B59-B827-4A480D67DB4F}"
EndProject
Project("{9A19103F-16F7-4668-BE54-9A1E7A4F7556}") = "task_4", "task_4\task_4.csproj", "{36AA87E9-F538-4F9F-8B71-E415B709F0C6}"
EndProject
Project("{9A19103F-16F7-4668-BE54-9A1E7A4F7556}") = "task_5", "task_5\task_5.csproj", "{E817F2FE-6798-4273-8C56-6846319A00EF}"
EndProject
Project("{9A19103F-16F7-4668-BE54-9A1E7A4F7556}") = "task_6", "task_6\task_6.csproj", "{80BA921D-4325-447E-B3FE-E7D496C016D2}"
EndProject
Project("{9A19103F-16F7-4668-BE54-9A1E7A4F7556}") = "task_7", "task_7\task_7.csproj", "{7D050E06-66F2-445E-B027-F951F02C9FB0}"
EndProject
Project("{9A19103F-16F7-4668-BE54-9A1E7A4F7556}") = "task_8", "task_8\task_8.csproj", "{7F696F09-EC83-4D7B-A19A-F00E09BB8390}"
EndProject
Project("{9A19103F-16F7-4668-BE54-9A1E7A4F7556}") = "task_9", "task_9\task_9.csproj", "{C391ACA8-62D0-4E17-B411-180C0DB318CD}"
EndProject
Project("{9A19103F-16F7-4668-BE54-9A1E7A4F7556}") = "task_10", "task_10\task_10.csproj", "{379C50AE-117E-4A4A-BAB2-9F0368FAD2D0}"
EndProject
Project("{9A19103F-16F7-4668-BE54-9A1E7A4F7556}") = "task_11", "task_11\task_11.csproj", "{3846FAAD-D6C5-43B0-AF8A-A527E76EB4F4}"
EndProject
Project("{9A19103F-16F7-4668-BE54-9A1E7A4F7556}") = "task_12", "task_12\task_12.csproj", "{AA8D2483-1244-4CE6-9E30-CD71FBB38141}"
EndProject
Project("{9A19103F-16F7-4668-BE54-9A1E7A4F7556}") = "task_13", "task_13\task_13.csproj", "{8BD9575D-3D6B-4C5C-8F74-6EA376F635FE}"
EndProject
Project("{9A19103F-16F7-4668-BE54-9A1E7A4F7556}") = "task_14", "task_14\task_14.csproj", "{5AD9340E-11FB-48B1-A0AD-CB73D7B6719E}"
EndProject
Project("{9A19103F-16F7-4668-BE54-9A1E7A4F7556}") = "task_15", "task_15\task_15.csproj", "{0520ABE7-A63B-469D-9582-F220F94A8598}"
EndProject
Project("{9A19103F-16F7-4668-BE54-9A1E7A4F7556}") = "task_16", "task_16\task_16.csproj", "{E049E6B6-C800-42AE-837B-417F900136D1}"
EndProject
Project("{9A19103F-16F7-4668-BE54-9A1E7A4F7556}") = "task_17", "task_17\task_17.csproj", "{B7CFAADA-0436-4B55-BB50-7F03653DC8CD}"
EndProject
Project("{9A19103F-16F7-4668-BE54-9A1E7A4F7556}") = "task_18", "task_18\task_18.csproj", "{A99B02EE-B7EF-41CB-BEFF-A2354D130D22}"
EndProject
Project("{9A19103F-16F7-4668-BE54-9A1E7A4F7556}") = "task_19", "task_19\task_19.csproj", "{DB270009-6C45-4530-9345-4F8D8F63DE3A}"
EndProject
Project("{9A19103F-16F7-4668-BE54-9A1E7A4F7556}") = "task_20", "task_20\task_20.csproj", "{0265A098-8CCD-4210-88CA-5CB3BA39720E}"
EndProject
Project("{9A19103F-16F7-4668-BE54-9A1E7A4F7556}") = "task_21", "task_21\task_21.csproj", "{C6EBDC3F-F8EA-4C7E-9107-AC13B05F0502}"
EndProject
Project("{9A19103F-16F7-4668-BE54-9A1E7A4F7556}") = "task_22", "task_22\task_22.csproj", "{E5CF4521-2807-4C9A-BAC0-8E8C848BC276}"
EndProject
Project("{9A19103F-16F7-4668-BE54-9A1E7A4F7556}") = "task_23", "task_23\task_23.csproj", "{130219C1-0934-4688-A60F-4F8222F62BF9}"
EndProject
Project("{9A19103F-16F7-4668-BE54-9A1E7A4F7556}") = "task_24", "task_24\task_24.csproj", "{B4853F6B-EE46-41A0-A537-8DEDC8216099}"
EndProject
Project("{9A19103F-16F7-4668-BE54-9A1E7A4F7556}") = "task_25", "task_25\task_25.csproj", "{4525C7A6-5C07-4830-A7A9-E9FE9249FEA2}"
EndProject
Project("{FAE04EC0-301F-11D3-BF4B-00C04F79EFBC}") = "task_26", "task_26\task_26.csproj", "{13D650BA-F395-44D9-B5EA-91C9FC851D66}"
EndProject
Global
	GlobalSection(SolutionConfigurationPlatforms) = preSolution
		Debug|Any CPU = Debug|Any CPU
		Release|Any CPU = Release|Any CPU
	EndGlobalSection
	GlobalSection(ProjectConfigurationPlatforms) = postSolution
		{7540594A-932C-4492-9C4D-C38B6FC37220}.Debug|Any CPU.ActiveCfg = Debug|Any CPU
		{7540594A-932C-4492-9C4D-C38B6FC37220}.Debug|Any CPU.Build.0 = Debug|Any CPU
		{7540594A-932C-4492-9C4D-C38B6FC37220}.Release|Any CPU.ActiveCfg = Release|Any CPU
		{7540594A-932C-4492-9C4D-C38B6FC37220}.Release|Any CPU.Build.0 = Release|Any CPU
		{A8986E51-FE4A-4BFF-84A5-6A8F869F6F90}.Debug|Any CPU.ActiveCfg = Debug|Any CPU
		{A8986E51-FE4A-4BFF-84A5-6A8F869F6F90}.Debug|Any CPU.Build.0 = Debug|Any CPU
		{A8986E51-FE4A-4BFF-84A5-6A8F869F6F90}.Release|Any CPU.ActiveCfg = Release|Any CPU
		{A8986E51-FE4A-4BFF-84A5-6A8F869F6F90}.Release|Any CPU.Build.0 = Release|Any CPU
		{33349376-1E1C-4B59-B827-4A480D67DB4F}.Debug|Any CPU.ActiveCfg = Debug|Any CPU
		{33349376-1E1C-4B59-B827-4A480D67DB4F}.Debug|Any CPU.Build.0 = Debug|Any CPU
		{33349376-1E1C-4B59-B827-4A480D67DB4F}.Release|Any CPU.ActiveCfg = Release|Any CPU
		{33349376-1E1C-4B59-B827-4A480D67DB4F}.Release|Any CPU.Build.0 = Release|Any CPU
		{36AA87E9-F538-4F9F-8B71-E415B709F0C6}.Debug|Any CPU.ActiveCfg = Debug|Any CPU
		{36AA87E9-F538-4F9F-8B71-E415B709F0C6}.Debug|Any CPU.Build.0 = Debug|Any CPU
		{36AA87E9-F538-4F9F-8B71-E415B709F0C6}.Release|Any CPU.ActiveCfg = Release|Any CPU
		{36AA87E9-F538-4F9F-8B71-E415B709F0C6}.Release|Any CPU.Build.0 = Release|Any CPU
		{E817F2FE-6798-4273-8C56-6846319A00EF}.Debug|Any CPU.ActiveCfg = Debug|Any CPU
		{E817F2FE-6798-4273-8C56-6846319A00EF}.Debug|Any CPU.Build.0 = Debug|Any CPU
		{E817F2FE-6798-4273-8C56-6846319A00EF}.Release|Any CPU.ActiveCfg = Release|Any CPU
		{E817F2FE-6798-4273-8C56-6846319A00EF}.Release|Any CPU.Build.0 = Release|Any CPU
		{80BA921D-4325-447E-B3FE-E7D496C016D2}.Debug|Any CPU.ActiveCfg = Debug|Any CPU
		{80BA921D-4325-447E-B3FE-E7D496C016D2}.Debug|Any CPU.Build.0 = Debug|Any CPU
		{80BA921D-4325-447E-B3FE-E7D496C016D2}.Release|Any CPU.ActiveCfg = Release|Any CPU
		{80BA921D-4325-447E-B3FE-E7D496C016D2}.Release|Any CPU.Build.0 = Release|Any CPU
		{7D050E06-66F2-445E-B027-F951F02C9FB0}.Debug|Any CPU.ActiveCfg = Debug|Any CPU
		{7D050E06-66F2-445E-B027-F951F02C9FB0}.Debug|Any CPU.Build.0 = Debug|Any CPU
		{7D050E06-66F2-445E-B027-F951F02C9FB0}.Release|Any CPU.ActiveCfg = Release|Any CPU
		{7D050E06-66F2-445E-B027-F951F02C9FB0}.Release|Any CPU.Build.0 = Release|Any CPU
		{7F696F09-EC83-4D7B-A19A-F00E09BB8390}.Debug|Any CPU.ActiveCfg = Debug|Any CPU
		{7F696F09-EC83-4D7B-A19A-F00E09BB8390}.Debug|Any CPU.Build.0 = Debug|Any CPU
		{7F696F09-EC83-4D7B-A19A-F00E09BB8390}.Release|Any CPU.ActiveCfg = Release|Any CPU
		{7F696F09-EC83-4D7B-A19A-F00E09BB8390}.Release|Any CPU.Build.0 = Release|Any CPU
		{C391ACA8-62D0-4E17-B411-180C0DB318CD}.Debug|Any CPU.ActiveCfg = Debug|Any CPU
		{C391ACA8-62D0-4E17-B411-180C0DB318CD}.Debug|Any CPU.Build.0 = Debug|Any CPU
		{C391ACA8-62D0-4E17-B411-180C0DB318CD}.Release|Any CPU.ActiveCfg = Release|Any CPU
		{C391ACA8-62D0-4E17-B411-180C0DB318CD}.Release|Any CPU.Build.0 = Release|Any CPU
		{379C50AE-117E-4A4A-BAB2-9F0368FAD2D0}.Debug|Any CPU.ActiveCfg = Debug|Any CPU
		{379C50AE-117E-4A4A-BAB2-9F0368FAD2D0}.Debug|Any CPU.Build.0 = Debug|Any CPU
		{379C50AE-117E-4A4A-BAB2-9F0368FAD2D0}.Release|Any CPU.ActiveCfg = Release|Any CPU
		{379C50AE-117E-4A4A-BAB2-9F0368FAD2D0}.Release|Any CPU.Build.0 = Release|Any CPU
		{3846FAAD-D6C5-43B0-AF8A-A527E76EB4F4}.Debug|Any CPU.ActiveCfg = Debug|Any CPU
		{3846FAAD-D6C5-43B0-AF8A-A527E76EB4F4}.Debug|Any CPU.Build.0 = Debug|Any CPU
		{3846FAAD-D6C5-43B0-AF8A-A527E76EB4F4}.Release|Any CPU.ActiveCfg = Release|Any CPU
		{3846FAAD-D6C5-43B0-AF8A-A527E76EB4F4}.Release|Any CPU.Build.0 = Release|Any CPU
		{AA8D2483-1244-4CE6-9E30-CD71FBB38141}.Debug|Any CPU.ActiveCfg = Debug|Any CPU
		{AA8D2483-1244-4CE6-9E30-CD71FBB38141}.Debug|Any CPU.Build.0 = Debug|Any CPU
		{AA8D2483-1244-4CE6-9E30-CD71FBB38141}.Release|Any CPU.ActiveCfg = Release|Any CPU
		{AA8D2483-1244-4CE6-9E30-CD71FBB38141}.Release|Any CPU.Build.0 = Release|Any CPU
		{8BD9575D-3D6B-4C5C-8F74-6EA376F635FE}.Debug|Any CPU.ActiveCfg = Debug|Any CPU
		{8BD9575D-3D6B-4C5C-8F74-6EA376F635FE}.Debug|Any CPU.Build.0 = Debug|Any CPU
		{8BD9575D-3D6B-4C5C-8F74-6EA376F635FE}.Release|Any CPU.ActiveCfg = Release|Any CPU
		{8BD9575D-3D6B-4C5C-8F74-6EA376F635FE}.Release|Any CPU.Build.0 = Release|Any CPU
		{5AD9340E-11FB-48B1-A0AD-CB73D7B6719E}.Debug|Any CPU.ActiveCfg = Debug|Any CPU
		{5AD9340E-11FB-48B1-A0AD-CB73D7B6719E}.Debug|Any CPU.Build.0 = Debug|Any CPU
		{5AD9340E-11FB-48B1-A0AD-CB73D7B6719E}.Release|Any CPU.ActiveCfg = Release|Any CPU
		{5AD9340E-11FB-48B1-A0AD-CB73D7B6719E}.Release|Any CPU.Build.0 = Release|Any CPU
		{0520ABE7-A63B-469D-9582-F220F94A8598}.Debug|Any CPU.ActiveCfg = Debug|Any CPU
		{0520ABE7-A63B-469D-9582-F220F94A8598}.Debug|Any CPU.Build.0 = Debug|Any CPU
		{0520ABE7-A63B-469D-9582-F220F94A8598}.Release|Any CPU.ActiveCfg = Release|Any CPU
		{0520ABE7-A63B-469D-9582-F220F94A8598}.Release|Any CPU.Build.0 = Release|Any CPU
		{E049E6B6-C800-42AE-837B-417F900136D1}.Debug|Any CPU.ActiveCfg = Debug|Any CPU
		{E049E6B6-C800-42AE-837B-417F900136D1}.Debug|Any CPU.Build.0 = Debug|Any CPU
		{E049E6B6-C800-42AE-837B-417F900136D1}.Release|Any CPU.ActiveCfg = Release|Any CPU
		{E049E6B6-C800-42AE-837B-417F900136D1}.Release|Any CPU.Build.0 = Release|Any CPU
		{B7CFAADA-0436-4B55-BB50-7F03653DC8CD}.Debug|Any CPU.ActiveCfg = Debug|Any CPU
		{B7CFAADA-0436-4B55-BB50-7F03653DC8CD}.Debug|Any CPU.Build.0 = Debug|Any CPU
		{B7CFAADA-0436-4B55-BB50-7F03653DC8CD}.Release|Any CPU.ActiveCfg = Release|Any CPU
		{B7CFAADA-0436-4B55-BB50-7F03653DC8CD}.Release|Any CPU.Build.0 = Release|Any CPU
		{A99B02EE-B7EF-41CB-BEFF-A2354D130D22}.Debug|Any CPU.ActiveCfg = Debug|Any CPU
		{A99B02EE-B7EF-41CB-BEFF-A2354D130D22}.Debug|Any CPU.Build.0 = Debug|Any CPU
		{A99B02EE-B7EF-41CB-BEFF-A2354D130D22}.Release|Any CPU.ActiveCfg = Release|Any CPU
		{A99B02EE-B7EF-41CB-BEFF-A2354D130D22}.Release|Any CPU.Build.0 = Release|Any CPU
		{DB270009-6C45-4530-9345-4F8D8F63DE3A}.Debug|Any CPU.ActiveCfg = Debug|Any CPU
		{DB270009-6C45-4530-9345-4F8D8F63DE3A}.Debug|Any CPU.Build.0 = Debug|Any CPU
		{DB270009-6C45-4530-9345-4F8D8F63DE3A}.Release|Any CPU.ActiveCfg = Release|Any CPU
		{DB270009-6C45-4530-9345-4F8D8F63DE3A}.Release|Any CPU.Build.0 = Release|Any CPU
		{0265A098-8CCD-4210-88CA-5CB3BA39720E}.Debug|Any CPU.ActiveCfg = Debug|Any CPU
		{0265A098-8CCD-4210-88CA-5CB3BA39720E}.Debug|Any CPU.Build.0 = Debug|Any CPU
		{0265A098-8CCD-4210-88CA-5CB3BA39720E}.Release|Any CPU.ActiveCfg = Release|Any CPU
		{0265A098-8CCD-4210-88CA-5CB3BA39720E}.Release|Any CPU.Build.0 = Release|Any CPU
		{C6EBDC3F-F8EA-4C7E-9107-AC13B05F0502}.Debug|Any CPU.ActiveCfg = Debug|Any CPU
		{C6EBDC3F-F8EA-4C7E-9107-AC13B05F0502}.Debug|Any CPU.Build.0 = Debug|Any CPU
		{C6EBDC3F-F8EA-4C7E-9107-AC13B05F0502}.Release|Any CPU.ActiveCfg = Release|Any CPU
		{C6EBDC3F-F8EA-4C7E-9107-AC13B05F0502}.Release|Any CPU.Build.0 = Release|Any CPU
		{E5CF4521-2807-4C9A-BAC0-8E8C848BC276}.Debug|Any CPU.ActiveCfg = Debug|Any CPU
		{E5CF4521-2807-4C9A-BAC0-8E8C848BC276}.Debug|Any CPU.Build.0 = Debug|Any CPU
		{E5CF4521-2807-4C9A-BAC0-8E8C848BC276}.Release|Any CPU.ActiveCfg = Release|Any CPU
		{E5CF4521-2807-4C9A-BAC0-8E8C848BC276}.Release|Any CPU.Build.0 = Release|Any CPU
		{130219C1-0934-4688-A60F-4F8222F62BF9}.Debug|Any CPU.ActiveCfg = Debug|Any CPU
		{130219C1-0934-4688-A60F-4F8222F62BF9}.Debug|Any CPU.Build.0 = Debug|Any CPU
		{130219C1-0934-4688-A60F-4F8222F62BF9}.Release|Any CPU.ActiveCfg = Release|Any CPU
		{130219C1-0934-4688-A60F-4F8222F62BF9}.Release|Any CPU.Build.0 = Release|Any CPU
		{B4853F6B-EE46-41A0-A537-8DEDC8216099}.Debug|Any CPU.ActiveCfg = Debug|Any CPU
		{B4853F6B-EE46-41A0-A537-8DEDC8216099}.Debug|Any CPU.Build.0 = Debug|Any CPU
		{B4853F6B-EE46-41A0-A537-8DEDC8216099}.Release|Any CPU.ActiveCfg = Release|Any CPU
		{B4853F6B-EE46-41A0-A537-8DEDC8216099}.Release|Any CPU.Build.0 = Release|Any CPU
		{4525C7A6-5C07-4830-A7A9-E9FE9249FEA2}.Debug|Any CPU.ActiveCfg = Debug|Any CPU
		{4525C7A6-5C07-4830-A7A9-E9FE9249FEA2}.Debug|Any CPU.Build.0 = Debug|Any CPU
		{4525C7A6-5C07-4830-A7A9-E9FE9249FEA2}.Release|Any CPU.ActiveCfg = Release|Any CPU
		{4525C7A6-5C07-4830-A7A9-E9FE9249FEA2}.Release|Any CPU.Build.0 = Release|Any CPU
		{13D650BA-F395-44D9-B5EA-91C9FC851D66}.Debug|Any CPU.ActiveCfg = Debug|Any CPU
		{13D650BA-F395-44D9-B5EA-91C9FC851D66}.Debug|Any CPU.Build.0 = Debug|Any CPU
		{13D650BA-F395-44D9-B5EA-91C9FC851D66}.Release|Any CPU.ActiveCfg = Release|Any CPU
		{13D650BA-F395-44D9-B5EA-91C9FC851D66}.Release|Any CPU.Build.0 = Release|Any CPU
	EndGlobalSection
	GlobalSection(SolutionProperties) = preSolution
		HideSolutionNode = FALSE
	EndGlobalSection
	GlobalSection(ExtensibilityGlobals) = postSolution
		SolutionGuid = {BB9E079B-D03D-4126-A374-5EAC4A4FA882}
	EndGlobalSection
EndGlobal
