
Microsoft Visual Studio Solution File, Format Version 12.00
# Visual Studio Version 17
VisualStudioVersion = 17.4.33103.184
MinimumVisualStudioVersion = 10.0.40219.1
Project("{9A19103F-16F7-4668-BE54-9A1E7A4F7556}") = "task_1", "task_1\task_1.csproj", "{200C5280-B267-4CB0-9393-7F1F75B59422}"
EndProject
Project("{9A19103F-16F7-4668-BE54-9A1E7A4F7556}") = "task_2", "task_2\task_2.csproj", "{DA84070D-6A9E-4333-BC6C-3E5FE9765D99}"
EndProject
Project("{9A19103F-16F7-4668-BE54-9A1E7A4F7556}") = "task_3", "task_3\task_3.csproj", "{A90D499D-3BBD-4606-87F7-525C36CF43A6}"
EndProject
Project("{9A19103F-16F7-4668-BE54-9A1E7A4F7556}") = "task_4", "task_4\task_4.csproj", "{4B0F6B7A-6E9B-4802-AACE-82C71913123B}"
EndProject
Project("{9A19103F-16F7-4668-BE54-9A1E7A4F7556}") = "task_5", "task_5\task_5.csproj", "{E47DB840-CCD7-4E3F-9030-77505B976EA5}"
EndProject
Project("{9A19103F-16F7-4668-BE54-9A1E7A4F7556}") = "task_6", "task_6\task_6.csproj", "{305DAE04-97D9-4285-9400-A8F43D8227CC}"
EndProject
Project("{FAE04EC0-301F-11D3-BF4B-00C04F79EFBC}") = "task_7", "task_7\task_7.csproj", "{7B9B6DDE-4118-4F5D-8EB4-EBEC8FD05185}"
EndProject
Global
	GlobalSection(SolutionConfigurationPlatforms) = preSolution
		Debug|Any CPU = Debug|Any CPU
		Release|Any CPU = Release|Any CPU
	EndGlobalSection
	GlobalSection(ProjectConfigurationPlatforms) = postSolution
		{200C5280-B267-4CB0-9393-7F1F75B59422}.Debug|Any CPU.ActiveCfg = Debug|Any CPU
		{200C5280-B267-4CB0-9393-7F1F75B59422}.Debug|Any CPU.Build.0 = Debug|Any CPU
		{200C5280-B267-4CB0-9393-7F1F75B59422}.Release|Any CPU.ActiveCfg = Release|Any CPU
		{200C5280-B267-4CB0-9393-7F1F75B59422}.Release|Any CPU.Build.0 = Release|Any CPU
		{DA84070D-6A9E-4333-BC6C-3E5FE9765D99}.Debug|Any CPU.ActiveCfg = Debug|Any CPU
		{DA84070D-6A9E-4333-BC6C-3E5FE9765D99}.Debug|Any CPU.Build.0 = Debug|Any CPU
		{DA84070D-6A9E-4333-BC6C-3E5FE9765D99}.Release|Any CPU.ActiveCfg = Release|Any CPU
		{DA84070D-6A9E-4333-BC6C-3E5FE9765D99}.Release|Any CPU.Build.0 = Release|Any CPU
		{A90D499D-3BBD-4606-87F7-525C36CF43A6}.Debug|Any CPU.ActiveCfg = Debug|Any CPU
		{A90D499D-3BBD-4606-87F7-525C36CF43A6}.Debug|Any CPU.Build.0 = Debug|Any CPU
		{A90D499D-3BBD-4606-87F7-525C36CF43A6}.Release|Any CPU.ActiveCfg = Release|Any CPU
		{A90D499D-3BBD-4606-87F7-525C36CF43A6}.Release|Any CPU.Build.0 = Release|Any CPU
		{4B0F6B7A-6E9B-4802-AACE-82C71913123B}.Debug|Any CPU.ActiveCfg = Debug|Any CPU
		{4B0F6B7A-6E9B-4802-AACE-82C71913123B}.Debug|Any CPU.Build.0 = Debug|Any CPU
		{4B0F6B7A-6E9B-4802-AACE-82C71913123B}.Release|Any CPU.ActiveCfg = Release|Any CPU
		{4B0F6B7A-6E9B-4802-AACE-82C71913123B}.Release|Any CPU.Build.0 = Release|Any CPU
		{E47DB840-CCD7-4E3F-9030-77505B976EA5}.Debug|Any CPU.ActiveCfg = Debug|Any CPU
		{E47DB840-CCD7-4E3F-9030-77505B976EA5}.Debug|Any CPU.Build.0 = Debug|Any CPU
		{E47DB840-CCD7-4E3F-9030-77505B976EA5}.Release|Any CPU.ActiveCfg = Release|Any CPU
		{E47DB840-CCD7-4E3F-9030-77505B976EA5}.Release|Any CPU.Build.0 = Release|Any CPU
		{305DAE04-97D9-4285-9400-A8F43D8227CC}.Debug|Any CPU.ActiveCfg = Debug|Any CPU
		{305DAE04-97D9-4285-9400-A8F43D8227CC}.Debug|Any CPU.Build.0 = Debug|Any CPU
		{305DAE04-97D9-4285-9400-A8F43D8227CC}.Release|Any CPU.ActiveCfg = Release|Any CPU
		{305DAE04-97D9-4285-9400-A8F43D8227CC}.Release|Any CPU.Build.0 = Release|Any CPU
		{7B9B6DDE-4118-4F5D-8EB4-EBEC8FD05185}.Debug|Any CPU.ActiveCfg = Debug|Any CPU
		{7B9B6DDE-4118-4F5D-8EB4-EBEC8FD05185}.Debug|Any CPU.Build.0 = Debug|Any CPU
		{7B9B6DDE-4118-4F5D-8EB4-EBEC8FD05185}.Release|Any CPU.ActiveCfg = Release|Any CPU
		{7B9B6DDE-4118-4F5D-8EB4-EBEC8FD05185}.Release|Any CPU.Build.0 = Release|Any CPU
	EndGlobalSection
	GlobalSection(SolutionProperties) = preSolution
		HideSolutionNode = FALSE
	EndGlobalSection
	GlobalSection(ExtensibilityGlobals) = postSolution
		SolutionGuid = {773676ED-164A-4E42-A4F5-4EFDDEC60066}
	EndGlobalSection
EndGlobal
