
Microsoft Visual Studio Solution File, Format Version 12.00
# Visual Studio Version 17
VisualStudioVersion = 17.4.33213.308
MinimumVisualStudioVersion = 10.0.40219.1
Project("{FAE04EC0-301F-11D3-BF4B-00C04F79EFBC}") = "task_1", "task_1\task_1.csproj", "{074277C7-381B-4993-A7CC-5F1DBB8152CC}"
EndProject
Global
	GlobalSection(SolutionConfigurationPlatforms) = preSolution
		Debug|Any CPU = Debug|Any CPU
		Release|Any CPU = Release|Any CPU
	EndGlobalSection
	GlobalSection(ProjectConfigurationPlatforms) = postSolution
		{074277C7-381B-4993-A7CC-5F1DBB8152CC}.Debug|Any CPU.ActiveCfg = Debug|Any CPU
		{074277C7-381B-4993-A7CC-5F1DBB8152CC}.Debug|Any CPU.Build.0 = Debug|Any CPU
		{074277C7-381B-4993-A7CC-5F1DBB8152CC}.Release|Any CPU.ActiveCfg = Release|Any CPU
		{074277C7-381B-4993-A7CC-5F1DBB8152CC}.Release|Any CPU.Build.0 = Release|Any CPU
	EndGlobalSection
	GlobalSection(SolutionProperties) = preSolution
		HideSolutionNode = FALSE
	EndGlobalSection
	GlobalSection(ExtensibilityGlobals) = postSolution
		SolutionGuid = {0223BF1B-FC09-4710-A3BB-ADD0A0E7CC70}
	EndGlobalSection
EndGlobal
